// !$*UTF8*$!
{
	archiveVersion = 1;
	classes = {
	};
	objectVersion = 56;
	objects = {

/* Begin PBXBuildFile section */
		B275B8862A5C2D6500ED5840 /* AppDelegate.swift in Sources */ = {isa = PBXBuildFile; fileRef = B275B8852A5C2D6500ED5840 /* AppDelegate.swift */; };
		B275B8882A5C2D6500ED5840 /* SceneDelegate.swift in Sources */ = {isa = PBXBuildFile; fileRef = B275B8872A5C2D6500ED5840 /* SceneDelegate.swift */; };
		B275B88A2A5C2D6500ED5840 /* ViewController.swift in Sources */ = {isa = PBXBuildFile; fileRef = B275B8892A5C2D6500ED5840 /* ViewController.swift */; };
		B275B88D2A5C2D6500ED5840 /* Main.storyboard in Resources */ = {isa = PBXBuildFile; fileRef = B275B88B2A5C2D6500ED5840 /* Main.storyboard */; };
		B275B88F2A5C2D6600ED5840 /* Assets.xcassets in Resources */ = {isa = PBXBuildFile; fileRef = B275B88E2A5C2D6600ED5840 /* Assets.xcassets */; };
		B275B8922A5C2D6600ED5840 /* LaunchScreen.storyboard in Resources */ = {isa = PBXBuildFile; fileRef = B275B8902A5C2D6600ED5840 /* LaunchScreen.storyboard */; };
		B275B8A02A5C2DD700ED5840 /* KeyboardViewController.swift in Sources */ = {isa = PBXBuildFile; fileRef = B275B89F2A5C2DD700ED5840 /* KeyboardViewController.swift */; };
		B275B8A42A5C2DD700ED5840 /* Hodor.appex in Embed Foundation Extensions */ = {isa = PBXBuildFile; fileRef = B275B89D2A5C2DD700ED5840 /* Hodor.appex */; settings = {ATTRIBUTES = (RemoveHeadersOnCopy, ); }; };
		B275B8AA2A5C2FCD00ED5840 /* hodor.png in Resources */ = {isa = PBXBuildFile; fileRef = B275B8A92A5C2FCD00ED5840 /* hodor.png */; };
		B275B8AC2A5C325600ED5840 /* stewie.png in Resources */ = {isa = PBXBuildFile; fileRef = B275B8AB2A5C325600ED5840 /* stewie.png */; };
/* End PBXBuildFile section */

/* Begin PBXContainerItemProxy section */
		B275B8A22A5C2DD700ED5840 /* PBXContainerItemProxy */ = {
			isa = PBXContainerItemProxy;
			containerPortal = B275B87A2A5C2D6500ED5840 /* Project object */;
			proxyType = 1;
			remoteGlobalIDString = B275B89C2A5C2DD700ED5840;
			remoteInfo = Hodor;
		};
/* End PBXContainerItemProxy section */

/* Begin PBXCopyFilesBuildPhase section */
		B275B8A82A5C2DD800ED5840 /* Embed Foundation Extensions */ = {
			isa = PBXCopyFilesBuildPhase;
			buildActionMask = 2147483647;
			dstPath = "";
			dstSubfolderSpec = 13;
			files = (
				B275B8A42A5C2DD700ED5840 /* Hodor.appex in Embed Foundation Extensions */,
			);
			name = "Embed Foundation Extensions";
			runOnlyForDeploymentPostprocessing = 0;
		};
/* End PBXCopyFilesBuildPhase section */

/* Begin PBXFileReference section */
		B275B8822A5C2D6500ED5840 /* HodorKeyboard.app */ = {isa = PBXFileReference; explicitFileType = wrapper.application; includeInIndex = 0; path = HodorKeyboard.app; sourceTree = BUILT_PRODUCTS_DIR; };
		B275B8852A5C2D6500ED5840 /* AppDelegate.swift */ = {isa = PBXFileReference; lastKnownFileType = sourcecode.swift; path = AppDelegate.swift; sourceTree = "<group>"; };
		B275B8872A5C2D6500ED5840 /* SceneDelegate.swift */ = {isa = PBXFileReference; lastKnownFileType = sourcecode.swift; path = SceneDelegate.swift; sourceTree = "<group>"; };
		B275B8892A5C2D6500ED5840 /* ViewController.swift */ = {isa = PBXFileReference; lastKnownFileType = sourcecode.swift; path = ViewController.swift; sourceTree = "<group>"; };
		B275B88C2A5C2D6500ED5840 /* Base */ = {isa = PBXFileReference; lastKnownFileType = file.storyboard; name = Base; path = Base.lproj/Main.storyboard; sourceTree = "<group>"; };
		B275B88E2A5C2D6600ED5840 /* Assets.xcassets */ = {isa = PBXFileReference; lastKnownFileType = folder.assetcatalog; path = Assets.xcassets; sourceTree = "<group>"; };
		B275B8912A5C2D6600ED5840 /* Base */ = {isa = PBXFileReference; lastKnownFileType = file.storyboard; name = Base; path = Base.lproj/LaunchScreen.storyboard; sourceTree = "<group>"; };
		B275B8932A5C2D6600ED5840 /* Info.plist */ = {isa = PBXFileReference; lastKnownFileType = text.plist.xml; path = Info.plist; sourceTree = "<group>"; };
		B275B89D2A5C2DD700ED5840 /* Hodor.appex */ = {isa = PBXFileReference; explicitFileType = "wrapper.app-extension"; includeInIndex = 0; path = Hodor.appex; sourceTree = BUILT_PRODUCTS_DIR; };
		B275B89F2A5C2DD700ED5840 /* KeyboardViewController.swift */ = {isa = PBXFileReference; lastKnownFileType = sourcecode.swift; path = KeyboardViewController.swift; sourceTree = "<group>"; };
		B275B8A12A5C2DD700ED5840 /* Info.plist */ = {isa = PBXFileReference; lastKnownFileType = text.plist.xml; path = Info.plist; sourceTree = "<group>"; };
		B275B8A92A5C2FCD00ED5840 /* hodor.png */ = {isa = PBXFileReference; lastKnownFileType = image.png; path = hodor.png; sourceTree = "<group>"; };
		B275B8AB2A5C325600ED5840 /* stewie.png */ = {isa = PBXFileReference; lastKnownFileType = image.png; path = stewie.png; sourceTree = "<group>"; };
/* End PBXFileReference section */

/* Begin PBXFrameworksBuildPhase section */
		B275B87F2A5C2D6500ED5840 /* Frameworks */ = {
			isa = PBXFrameworksBuildPhase;
			buildActionMask = 2147483647;
			files = (
			);
			runOnlyForDeploymentPostprocessing = 0;
		};
		B275B89A2A5C2DD700ED5840 /* Frameworks */ = {
			isa = PBXFrameworksBuildPhase;
			buildActionMask = 2147483647;
			files = (
			);
			runOnlyForDeploymentPostprocessing = 0;
		};
/* End PBXFrameworksBuildPhase section */

/* Begin PBXGroup section */
		B275B8792A5C2D6500ED5840 = {
			isa = PBXGroup;
			children = (
				B275B8842A5C2D6500ED5840 /* HodorKeyboard */,
				B275B89E2A5C2DD700ED5840 /* Hodor */,
				B275B8832A5C2D6500ED5840 /* Products */,
			);
			sourceTree = "<group>";
		};
		B275B8832A5C2D6500ED5840 /* Products */ = {
			isa = PBXGroup;
			children = (
				B275B8822A5C2D6500ED5840 /* HodorKeyboard.app */,
				B275B89D2A5C2DD700ED5840 /* Hodor.appex */,
			);
			name = Products;
			sourceTree = "<group>";
		};
		B275B8842A5C2D6500ED5840 /* HodorKeyboard */ = {
			isa = PBXGroup;
			children = (
				B275B8852A5C2D6500ED5840 /* AppDelegate.swift */,
				B275B8872A5C2D6500ED5840 /* SceneDelegate.swift */,
				B275B8892A5C2D6500ED5840 /* ViewController.swift */,
				B275B88B2A5C2D6500ED5840 /* Main.storyboard */,
				B275B88E2A5C2D6600ED5840 /* Assets.xcassets */,
				B275B8902A5C2D6600ED5840 /* LaunchScreen.storyboard */,
				B275B8932A5C2D6600ED5840 /* Info.plist */,
			);
			path = HodorKeyboard;
			sourceTree = "<group>";
		};
		B275B89E2A5C2DD700ED5840 /* Hodor */ = {
			isa = PBXGroup;
			children = (
				B275B8A92A5C2FCD00ED5840 /* hodor.png */,
				B275B8AB2A5C325600ED5840 /* stewie.png */,
				B275B89F2A5C2DD700ED5840 /* KeyboardViewController.swift */,
				B275B8A12A5C2DD700ED5840 /* Info.plist */,
			);
			path = Hodor;
			sourceTree = "<group>";
		};
/* End PBXGroup section */

/* Begin PBXNativeTarget section */
		B275B8812A5C2D6500ED5840 /* HodorKeyboard */ = {
			isa = PBXNativeTarget;
			buildConfigurationList = B275B8962A5C2D6600ED5840 /* Build configuration list for PBXNativeTarget "HodorKeyboard" */;
			buildPhases = (
				B275B87E2A5C2D6500ED5840 /* Sources */,
				B275B87F2A5C2D6500ED5840 /* Frameworks */,
				B275B8802A5C2D6500ED5840 /* Resources */,
				B275B8A82A5C2DD800ED5840 /* Embed Foundation Extensions */,
			);
			buildRules = (
			);
			dependencies = (
				B275B8A32A5C2DD700ED5840 /* PBXTargetDependency */,
			);
			name = HodorKeyboard;
			productName = HodorKeyboard;
			productReference = B275B8822A5C2D6500ED5840 /* HodorKeyboard.app */;
			productType = "com.apple.product-type.application";
		};
		B275B89C2A5C2DD700ED5840 /* Hodor */ = {
			isa = PBXNativeTarget;
			buildConfigurationList = B275B8A52A5C2DD800ED5840 /* Build configuration list for PBXNativeTarget "Hodor" */;
			buildPhases = (
				B275B8992A5C2DD700ED5840 /* Sources */,
				B275B89A2A5C2DD700ED5840 /* Frameworks */,
				B275B89B2A5C2DD700ED5840 /* Resources */,
			);
			buildRules = (
			);
			dependencies = (
			);
			name = Hodor;
			productName = Hodor;
			productReference = B275B89D2A5C2DD700ED5840 /* Hodor.appex */;
			productType = "com.apple.product-type.app-extension";
		};
/* End PBXNativeTarget section */

/* Begin PBXProject section */
		B275B87A2A5C2D6500ED5840 /* Project object */ = {
			isa = PBXProject;
			attributes = {
				BuildIndependentTargetsInParallel = 1;
				LastSwiftUpdateCheck = 1430;
				LastUpgradeCheck = 1430;
				TargetAttributes = {
					B275B8812A5C2D6500ED5840 = {
						CreatedOnToolsVersion = 14.3.1;
					};
					B275B89C2A5C2DD700ED5840 = {
						CreatedOnToolsVersion = 14.3.1;
					};
				};
			};
			buildConfigurationList = B275B87D2A5C2D6500ED5840 /* Build configuration list for PBXProject "HodorKeyboard" */;
			compatibilityVersion = "Xcode 14.0";
			developmentRegion = en;
			hasScannedForEncodings = 0;
			knownRegions = (
				en,
				Base,
			);
			mainGroup = B275B8792A5C2D6500ED5840;
			productRefGroup = B275B8832A5C2D6500ED5840 /* Products */;
			projectDirPath = "";
			projectRoot = "";
			targets = (
				B275B8812A5C2D6500ED5840 /* HodorKeyboard */,
				B275B89C2A5C2DD700ED5840 /* Hodor */,
			);
		};
/* End PBXProject section */

/* Begin PBXResourcesBuildPhase section */
		B275B8802A5C2D6500ED5840 /* Resources */ = {
			isa = PBXResourcesBuildPhase;
			buildActionMask = 2147483647;
			files = (
				B275B8922A5C2D6600ED5840 /* LaunchScreen.storyboard in Resources */,
				B275B88F2A5C2D6600ED5840 /* Assets.xcassets in Resources */,
				B275B88D2A5C2D6500ED5840 /* Main.storyboard in Resources */,
			);
			runOnlyForDeploymentPostprocessing = 0;
		};
		B275B89B2A5C2DD700ED5840 /* Resources */ = {
			isa = PBXResourcesBuildPhase;
			buildActionMask = 2147483647;
			files = (
				B275B8AC2A5C325600ED5840 /* stewie.png in Resources */,
				B275B8AA2A5C2FCD00ED5840 /* hodor.png in Resources */,
			);
			runOnlyForDeploymentPostprocessing = 0;
		};
/* End PBXResourcesBuildPhase section */

/* Begin PBXSourcesBuildPhase section */
		B275B87E2A5C2D6500ED5840 /* Sources */ = {
			isa = PBXSourcesBuildPhase;
			buildActionMask = 2147483647;
			files = (
				B275B88A2A5C2D6500ED5840 /* ViewController.swift in Sources */,
				B275B8862A5C2D6500ED5840 /* AppDelegate.swift in Sources */,
				B275B8882A5C2D6500ED5840 /* SceneDelegate.swift in Sources */,
			);
			runOnlyForDeploymentPostprocessing = 0;
		};
		B275B8992A5C2DD700ED5840 /* Sources */ = {
			isa = PBXSourcesBuildPhase;
			buildActionMask = 2147483647;
			files = (
				B275B8A02A5C2DD700ED5840 /* KeyboardViewController.swift in Sources */,
			);
			runOnlyForDeploymentPostprocessing = 0;
		};
/* End PBXSourcesBuildPhase section */

/* Begin PBXTargetDependency section */
		B275B8A32A5C2DD700ED5840 /* PBXTargetDependency */ = {
			isa = PBXTargetDependency;
			target = B275B89C2A5C2DD700ED5840 /* Hodor */;
			targetProxy = B275B8A22A5C2DD700ED5840 /* PBXContainerItemProxy */;
		};
/* End PBXTargetDependency section */

/* Begin PBXVariantGroup section */
		B275B88B2A5C2D6500ED5840 /* Main.storyboard */ = {
			isa = PBXVariantGroup;
			children = (
				B275B88C2A5C2D6500ED5840 /* Base */,
			);
			name = Main.storyboard;
			sourceTree = "<group>";
		};
		B275B8902A5C2D6600ED5840 /* LaunchScreen.storyboard */ = {
			isa = PBXVariantGroup;
			children = (
				B275B8912A5C2D6600ED5840 /* Base */,
			);
			name = LaunchScreen.storyboard;
			sourceTree = "<group>";
		};
/* End PBXVariantGroup section */

/* Begin XCBuildConfiguration section */
		B275B8942A5C2D6600ED5840 /* Debug */ = {
			isa = XCBuildConfiguration;
			buildSettings = {
				ALWAYS_SEARCH_USER_PATHS = NO;
				CLANG_ANALYZER_NONNULL = YES;
				CLANG_ANALYZER_NUMBER_OBJECT_CONVERSION = YES_AGGRESSIVE;
				CLANG_CXX_LANGUAGE_STANDARD = "gnu++20";
				CLANG_ENABLE_MODULES = YES;
				CLANG_ENABLE_OBJC_ARC = YES;
				CLANG_ENABLE_OBJC_WEAK = YES;
				CLANG_WARN_BLOCK_CAPTURE_AUTORELEASING = YES;
				CLANG_WARN_BOOL_CONVERSION = YES;
				CLANG_WARN_COMMA = YES;
				CLANG_WARN_CONSTANT_CONVERSION = YES;
				CLANG_WARN_DEPRECATED_OBJC_IMPLEMENTATIONS = YES;
				CLANG_WARN_DIRECT_OBJC_ISA_USAGE = YES_ERROR;
				CLANG_WARN_DOCUMENTATION_COMMENTS = YES;
				CLANG_WARN_EMPTY_BODY = YES;
				CLANG_WARN_ENUM_CONVERSION = YES;
				CLANG_WARN_INFINITE_RECURSION = YES;
				CLANG_WARN_INT_CONVERSION = YES;
				CLANG_WARN_NON_LITERAL_NULL_CONVERSION = YES;
				CLANG_WARN_OBJC_IMPLICIT_RETAIN_SELF = YES;
				CLANG_WARN_OBJC_LITERAL_CONVERSION = YES;
				CLANG_WARN_OBJC_ROOT_CLASS = YES_ERROR;
				CLANG_WARN_QUOTED_INCLUDE_IN_FRAMEWORK_HEADER = YES;
				CLANG_WARN_RANGE_LOOP_ANALYSIS = YES;
				CLANG_WARN_STRICT_PROTOTYPES = YES;
				CLANG_WARN_SUSPICIOUS_MOVE = YES;
				CLANG_WARN_UNGUARDED_AVAILABILITY = YES_AGGRESSIVE;
				CLANG_WARN_UNREACHABLE_CODE = YES;
				CLANG_WARN__DUPLICATE_METHOD_MATCH = YES;
				COPY_PHASE_STRIP = NO;
				DEBUG_INFORMATION_FORMAT = dwarf;
				ENABLE_STRICT_OBJC_MSGSEND = YES;
				ENABLE_TESTABILITY = YES;
				GCC_C_LANGUAGE_STANDARD = gnu11;
				GCC_DYNAMIC_NO_PIC = NO;
				GCC_NO_COMMON_BLOCKS = YES;
				GCC_OPTIMIZATION_LEVEL = 0;
				GCC_PREPROCESSOR_DEFINITIONS = (
					"DEBUG=1",
					"$(inherited)",
				);
				GCC_WARN_64_TO_32_BIT_CONVERSION = YES;
				GCC_WARN_ABOUT_RETURN_TYPE = YES_ERROR;
				GCC_WARN_UNDECLARED_SELECTOR = YES;
				GCC_WARN_UNINITIALIZED_AUTOS = YES_AGGRESSIVE;
				GCC_WARN_UNUSED_FUNCTION = YES;
				GCC_WARN_UNUSED_VARIABLE = YES;
				IPHONEOS_DEPLOYMENT_TARGET = 16.4;
				MTL_ENABLE_DEBUG_INFO = INCLUDE_SOURCE;
				MTL_FAST_MATH = YES;
				ONLY_ACTIVE_ARCH = YES;
				SDKROOT = iphoneos;
				SWIFT_ACTIVE_COMPILATION_CONDITIONS = DEBUG;
				SWIFT_OPTIMIZATION_LEVEL = "-Onone";
			};
			name = Debug;
		};
		B275B8952A5C2D6600ED5840 /* Release */ = {
			isa = XCBuildConfiguration;
			buildSettings = {
				ALWAYS_SEARCH_USER_PATHS = NO;
				CLANG_ANALYZER_NONNULL = YES;
				CLANG_ANALYZER_NUMBER_OBJECT_CONVERSION = YES_AGGRESSIVE;
				CLANG_CXX_LANGUAGE_STANDARD = "gnu++20";
				CLANG_ENABLE_MODULES = YES;
				CLANG_ENABLE_OBJC_ARC = YES;
				CLANG_ENABLE_OBJC_WEAK = YES;
				CLANG_WARN_BLOCK_CAPTURE_AUTORELEASING = YES;
				CLANG_WARN_BOOL_CONVERSION = YES;
				CLANG_WARN_COMMA = YES;
				CLANG_WARN_CONSTANT_CONVERSION = YES;
				CLANG_WARN_DEPRECATED_OBJC_IMPLEMENTATIONS = YES;
				CLANG_WARN_DIRECT_OBJC_ISA_USAGE = YES_ERROR;
				CLANG_WARN_DOCUMENTATION_COMMENTS = YES;
				CLANG_WARN_EMPTY_BODY = YES;
				CLANG_WARN_ENUM_CONVERSION = YES;
				CLANG_WARN_INFINITE_RECURSION = YES;
				CLANG_WARN_INT_CONVERSION = YES;
				CLANG_WARN_NON_LITERAL_NULL_CONVERSION = YES;
				CLANG_WARN_OBJC_IMPLICIT_RETAIN_SELF = YES;
				CLANG_WARN_OBJC_LITERAL_CONVERSION = YES;
				CLANG_WARN_OBJC_ROOT_CLASS = YES_ERROR;
				CLANG_WARN_QUOTED_INCLUDE_IN_FRAMEWORK_HEADER = YES;
				CLANG_WARN_RANGE_LOOP_ANALYSIS = YES;
				CLANG_WARN_STRICT_PROTOTYPES = YES;
				CLANG_WARN_SUSPICIOUS_MOVE = YES;
				CLANG_WARN_UNGUARDED_AVAILABILITY = YES_AGGRESSIVE;
				CLANG_WARN_UNREACHABLE_CODE = YES;
				CLANG_WARN__DUPLICATE_METHOD_MATCH = YES;
				COPY_PHASE_STRIP = NO;
				DEBUG_INFORMATION_FORMAT = "dwarf-with-dsym";
				ENABLE_NS_ASSERTIONS = NO;
				ENABLE_STRICT_OBJC_MSGSEND = YES;
				GCC_C_LANGUAGE_STANDARD = gnu11;
				GCC_NO_COMMON_BLOCKS = YES;
				GCC_WARN_64_TO_32_BIT_CONVERSION = YES;
				GCC_WARN_ABOUT_RETURN_TYPE = YES_ERROR;
				GCC_WARN_UNDECLARED_SELECTOR = YES;
				GCC_WARN_UNINITIALIZED_AUTOS = YES_AGGRESSIVE;
				GCC_WARN_UNUSED_FUNCTION = YES;
				GCC_WARN_UNUSED_VARIABLE = YES;
				IPHONEOS_DEPLOYMENT_TARGET = 16.4;
				MTL_ENABLE_DEBUG_INFO = NO;
				MTL_FAST_MATH = YES;
				SDKROOT = iphoneos;
				SWIFT_COMPILATION_MODE = wholemodule;
				SWIFT_OPTIMIZATION_LEVEL = "-O";
				VALIDATE_PRODUCT = YES;
			};
			name = Release;
		};
		B275B8972A5C2D6600ED5840 /* Debug */ = {
			isa = XCBuildConfiguration;
			buildSettings = {
				ALWAYS_EMBED_SWIFT_STANDARD_LIBRARIES = YES;
				ASSETCATALOG_COMPILER_APPICON_NAME = AppIcon;
				ASSETCATALOG_COMPILER_GLOBAL_ACCENT_COLOR_NAME = AccentColor;
				CODE_SIGN_STYLE = Automatic;
				CURRENT_PROJECT_VERSION = 1;
				GENERATE_INFOPLIST_FILE = YES;
				INFOPLIST_FILE = HodorKeyboard/Info.plist;
				INFOPLIST_KEY_UIApplicationSupportsIndirectInputEvents = YES;
				INFOPLIST_KEY_UILaunchStoryboardName = LaunchScreen;
				INFOPLIST_KEY_UIMainStoryboardFile = Main;
				INFOPLIST_KEY_UISupportedInterfaceOrientations_iPad = "UIInterfaceOrientationPortrait UIInterfaceOrientationPortraitUpsideDown UIInterfaceOrientationLandscapeLeft UIInterfaceOrientationLandscapeRight";
				INFOPLIST_KEY_UISupportedInterfaceOrientations_iPhone = "UIInterfaceOrientationPortrait UIInterfaceOrientationLandscapeLeft UIInterfaceOrientationLandscapeRight";
				LD_RUNPATH_SEARCH_PATHS = (
					"$(inherited)",
					"@executable_path/Frameworks",
				);
				MARKETING_VERSION = 1.0;
				PRODUCT_BUNDLE_IDENTIFIER = com.alimertkaya.HodorKeyboard;
				PRODUCT_NAME = "$(TARGET_NAME)";
				SWIFT_EMIT_LOC_STRINGS = YES;
				SWIFT_VERSION = 5.0;
				TARGETED_DEVICE_FAMILY = "1,2";
			};
			name = Debug;
		};
		B275B8982A5C2D6600ED5840 /* Release */ = {
			isa = XCBuildConfiguration;
			buildSettings = {
				ALWAYS_EMBED_SWIFT_STANDARD_LIBRARIES = YES;
				ASSETCATALOG_COMPILER_APPICON_NAME = AppIcon;
				ASSETCATALOG_COMPILER_GLOBAL_ACCENT_COLOR_NAME = AccentColor;
				CODE_SIGN_STYLE = Automatic;
				CURRENT_PROJECT_VERSION = 1;
				GENERATE_INFOPLIST_FILE = YES;
				INFOPLIST_FILE = HodorKeyboard/Info.plist;
				INFOPLIST_KEY_UIApplicationSupportsIndirectInputEvents = YES;
				INFOPLIST_KEY_UILaunchStoryboardName = LaunchScreen;
				INFOPLIST_KEY_UIMainStoryboardFile = Main;
				INFOPLIST_KEY_UISupportedInterfaceOrientations_iPad = "UIInterfaceOrientationPortrait UIInterfaceOrientationPortraitUpsideDown UIInterfaceOrientationLandscapeLeft UIInterfaceOrientationLandscapeRight";
				INFOPLIST_KEY_UISupportedInterfaceOrientations_iPhone = "UIInterfaceOrientationPortrait UIInterfaceOrientationLandscapeLeft UIInterfaceOrientationLandscapeRight";
				LD_RUNPATH_SEARCH_PATHS = (
					"$(inherited)",
					"@executable_path/Frameworks",
				);
				MARKETING_VERSION = 1.0;
				PRODUCT_BUNDLE_IDENTIFIER = com.alimertkaya.HodorKeyboard;
				PRODUCT_NAME = "$(TARGET_NAME)";
				SWIFT_EMIT_LOC_STRINGS = YES;
				SWIFT_VERSION = 5.0;
				TARGETED_DEVICE_FAMILY = "1,2";
			};
			name = Release;
		};
		B275B8A62A5C2DD800ED5840 /* Debug */ = {
			isa = XCBuildConfiguration;
			buildSettings = {
				CODE_SIGN_STYLE = Automatic;
				CURRENT_PROJECT_VERSION = 1;
				GENERATE_INFOPLIST_FILE = YES;
				INFOPLIST_FILE = Hodor/Info.plist;
				INFOPLIST_KEY_CFBundleDisplayName = Hodor;
				INFOPLIST_KEY_NSHumanReadableCopyright = "";
				LD_RUNPATH_SEARCH_PATHS = (
					"$(inherited)",
					"@executable_path/Frameworks",
					"@executable_path/../../Frameworks",
				);
				MARKETING_VERSION = 1.0;
				PRODUCT_BUNDLE_IDENTIFIER = com.alimertkaya.HodorKeyboard.Hodor;
				PRODUCT_NAME = "$(TARGET_NAME)";
				SKIP_INSTALL = YES;
				SWIFT_EMIT_LOC_STRINGS = YES;
				SWIFT_VERSION = 5.0;
				TARGETED_DEVICE_FAMILY = "1,2";
			};
			name = Debug;
		};
		B275B8A72A5C2DD800ED5840 /* Release */ = {
			isa = XCBuildConfiguration;
			buildSettings = {
				CODE_SIGN_STYLE = Automatic;
				CURRENT_PROJECT_VERSION = 1;
				GENERATE_INFOPLIST_FILE = YES;
				INFOPLIST_FILE = Hodor/Info.plist;
				INFOPLIST_KEY_CFBundleDisplayName = Hodor;
				INFOPLIST_KEY_NSHumanReadableCopyright = "";
				LD_RUNPATH_SEARCH_PATHS = (
					"$(inherited)",
					"@executable_path/Frameworks",
					"@executable_path/../../Frameworks",
				);
				MARKETING_VERSION = 1.0;
				PRODUCT_BUNDLE_IDENTIFIER = com.alimertkaya.HodorKeyboard.Hodor;
				PRODUCT_NAME = "$(TARGET_NAME)";
				SKIP_INSTALL = YES;
				SWIFT_EMIT_LOC_STRINGS = YES;
				SWIFT_VERSION = 5.0;
				TARGETED_DEVICE_FAMILY = "1,2";
			};
			name = Release;
		};
/* End XCBuildConfiguration section */

/* Begin XCConfigurationList section */
		B275B87D2A5C2D6500ED5840 /* Build configuration list for PBXProject "HodorKeyboard" */ = {
			isa = XCConfigurationList;
			buildConfigurations = (
				B275B8942A5C2D6600ED5840 /* Debug */,
				B275B8952A5C2D6600ED5840 /* Release */,
			);
			defaultConfigurationIsVisible = 0;
			defaultConfigurationName = Release;
		};
		B275B8962A5C2D6600ED5840 /* Build configuration list for PBXNativeTarget "HodorKeyboard" */ = {
			isa = XCConfigurationList;
			buildConfigurations = (
				B275B8972A5C2D6600ED5840 /* Debug */,
				B275B8982A5C2D6600ED5840 /* Release */,
			);
			defaultConfigurationIsVisible = 0;
			defaultConfigurationName = Release;
		};
		B275B8A52A5C2DD800ED5840 /* Build configuration list for PBXNativeTarget "Hodor" */ = {
			isa = XCConfigurationList;
			buildConfigurations = (
				B275B8A62A5C2DD800ED5840 /* Debug */,
				B275B8A72A5C2DD800ED5840 /* Release */,
			);
			defaultConfigurationIsVisible = 0;
			defaultConfigurationName = Release;
		};
/* End XCConfigurationList section */
	};
	rootObject = B275B87A2A5C2D6500ED5840 /* Project object */;
}
