// !$*UTF8*$!
{
	archiveVersion = 1;
	classes = {
	};
	objectVersion = 56;
	objects = {

/* Begin PBXBuildFile section */
		B2CB81F82A8624F800709E0F /* AppDelegate.swift in Sources */ = {isa = PBXBuildFile; fileRef = B2CB81F72A8624F800709E0F /* AppDelegate.swift */; };
		B2CB81FA2A8624F800709E0F /* SceneDelegate.swift in Sources */ = {isa = PBXBuildFile; fileRef = B2CB81F92A8624F800709E0F /* SceneDelegate.swift */; };
		B2CB81FC2A8624F800709E0F /* ViewController.swift in Sources */ = {isa = PBXBuildFile; fileRef = B2CB81FB2A8624F800709E0F /* ViewController.swift */; };
		B2CB81FF2A8624F800709E0F /* Main.storyboard in Resources */ = {isa = PBXBuildFile; fileRef = B2CB81FD2A8624F800709E0F /* Main.storyboard */; };
		B2CB82012A8624F900709E0F /* Assets.xcassets in Resources */ = {isa = PBXBuildFile; fileRef = B2CB82002A8624F900709E0F /* Assets.xcassets */; };
		B2CB82042A8624F900709E0F /* LaunchScreen.storyboard in Resources */ = {isa = PBXBuildFile; fileRef = B2CB82022A8624F900709E0F /* LaunchScreen.storyboard */; };
		B2CB820C2A8625D400709E0F /* CryptoTableViewCell.swift in Sources */ = {isa = PBXBuildFile; fileRef = B2CB820B2A8625D400709E0F /* CryptoTableViewCell.swift */; };
		B2CB82142A862C5700709E0F /* Webservice.swift in Sources */ = {isa = PBXBuildFile; fileRef = B2CB82132A862C5700709E0F /* Webservice.swift */; };
		B2CB82162A86329D00709E0F /* Crypto.swift in Sources */ = {isa = PBXBuildFile; fileRef = B2CB82152A86329D00709E0F /* Crypto.swift */; };
/* End PBXBuildFile section */

/* Begin PBXFileReference section */
		B2CB81F42A8624F800709E0F /* CryptoMVVM.app */ = {isa = PBXFileReference; explicitFileType = wrapper.application; includeInIndex = 0; path = CryptoMVVM.app; sourceTree = BUILT_PRODUCTS_DIR; };
		B2CB81F72A8624F800709E0F /* AppDelegate.swift */ = {isa = PBXFileReference; lastKnownFileType = sourcecode.swift; path = AppDelegate.swift; sourceTree = "<group>"; };
		B2CB81F92A8624F800709E0F /* SceneDelegate.swift */ = {isa = PBXFileReference; lastKnownFileType = sourcecode.swift; path = SceneDelegate.swift; sourceTree = "<group>"; };
		B2CB81FB2A8624F800709E0F /* ViewController.swift */ = {isa = PBXFileReference; lastKnownFileType = sourcecode.swift; path = ViewController.swift; sourceTree = "<group>"; };
		B2CB81FE2A8624F800709E0F /* Base */ = {isa = PBXFileReference; lastKnownFileType = file.storyboard; name = Base; path = Base.lproj/Main.storyboard; sourceTree = "<group>"; };
		B2CB82002A8624F900709E0F /* Assets.xcassets */ = {isa = PBXFileReference; lastKnownFileType = folder.assetcatalog; path = Assets.xcassets; sourceTree = "<group>"; };
		B2CB82032A8624F900709E0F /* Base */ = {isa = PBXFileReference; lastKnownFileType = file.storyboard; name = Base; path = Base.lproj/LaunchScreen.storyboard; sourceTree = "<group>"; };
		B2CB82052A8624F900709E0F /* Info.plist */ = {isa = PBXFileReference; lastKnownFileType = text.plist.xml; path = Info.plist; sourceTree = "<group>"; };
		B2CB820B2A8625D400709E0F /* CryptoTableViewCell.swift */ = {isa = PBXFileReference; lastKnownFileType = sourcecode.swift; path = CryptoTableViewCell.swift; sourceTree = "<group>"; };
		B2CB82132A862C5700709E0F /* Webservice.swift */ = {isa = PBXFileReference; lastKnownFileType = sourcecode.swift; path = Webservice.swift; sourceTree = "<group>"; };
		B2CB82152A86329D00709E0F /* Crypto.swift */ = {isa = PBXFileReference; lastKnownFileType = sourcecode.swift; path = Crypto.swift; sourceTree = "<group>"; };
/* End PBXFileReference section */

/* Begin PBXFrameworksBuildPhase section */
		B2CB81F12A8624F800709E0F /* Frameworks */ = {
			isa = PBXFrameworksBuildPhase;
			buildActionMask = 2147483647;
			files = (
			);
			runOnlyForDeploymentPostprocessing = 0;
		};
/* End PBXFrameworksBuildPhase section */

/* Begin PBXGroup section */
		B2CB81EB2A8624F800709E0F = {
			isa = PBXGroup;
			children = (
				B2CB81F62A8624F800709E0F /* CryptoMVVM */,
				B2CB81F52A8624F800709E0F /* Products */,
			);
			sourceTree = "<group>";
		};
		B2CB81F52A8624F800709E0F /* Products */ = {
			isa = PBXGroup;
			children = (
				B2CB81F42A8624F800709E0F /* CryptoMVVM.app */,
			);
			name = Products;
			sourceTree = "<group>";
		};
		B2CB81F62A8624F800709E0F /* CryptoMVVM */ = {
			isa = PBXGroup;
			children = (
				B2CB82122A862C4400709E0F /* Service */,
				B2CB820F2A8626EA00709E0F /* ViewModel */,
				B2CB820E2A8626E300709E0F /* Model */,
				B2CB820D2A8626DD00709E0F /* View */,
				B2CB81FD2A8624F800709E0F /* Main.storyboard */,
				B2CB82002A8624F900709E0F /* Assets.xcassets */,
				B2CB82022A8624F900709E0F /* LaunchScreen.storyboard */,
				B2CB82052A8624F900709E0F /* Info.plist */,
			);
			path = CryptoMVVM;
			sourceTree = "<group>";
		};
		B2CB820D2A8626DD00709E0F /* View */ = {
			isa = PBXGroup;
			children = (
				B2CB81F72A8624F800709E0F /* AppDelegate.swift */,
				B2CB81F92A8624F800709E0F /* SceneDelegate.swift */,
				B2CB81FB2A8624F800709E0F /* ViewController.swift */,
				B2CB820B2A8625D400709E0F /* CryptoTableViewCell.swift */,
			);
			path = View;
			sourceTree = "<group>";
		};
		B2CB820E2A8626E300709E0F /* Model */ = {
			isa = PBXGroup;
			children = (
				B2CB82152A86329D00709E0F /* Crypto.swift */,
			);
			path = Model;
			sourceTree = "<group>";
		};
		B2CB820F2A8626EA00709E0F /* ViewModel */ = {
			isa = PBXGroup;
			children = (
			);
			path = ViewModel;
			sourceTree = "<group>";
		};
		B2CB82122A862C4400709E0F /* Service */ = {
			isa = PBXGroup;
			children = (
				B2CB82132A862C5700709E0F /* Webservice.swift */,
			);
			path = Service;
			sourceTree = "<group>";
		};
/* End PBXGroup section */

/* Begin PBXNativeTarget section */
		B2CB81F32A8624F800709E0F /* CryptoMVVM */ = {
			isa = PBXNativeTarget;
			buildConfigurationList = B2CB82082A8624F900709E0F /* Build configuration list for PBXNativeTarget "CryptoMVVM" */;
			buildPhases = (
				B2CB81F02A8624F800709E0F /* Sources */,
				B2CB81F12A8624F800709E0F /* Frameworks */,
				B2CB81F22A8624F800709E0F /* Resources */,
			);
			buildRules = (
			);
			dependencies = (
			);
			name = CryptoMVVM;
			productName = CryptoMVVM;
			productReference = B2CB81F42A8624F800709E0F /* CryptoMVVM.app */;
			productType = "com.apple.product-type.application";
		};
/* End PBXNativeTarget section */

/* Begin PBXProject section */
		B2CB81EC2A8624F800709E0F /* Project object */ = {
			isa = PBXProject;
			attributes = {
				BuildIndependentTargetsInParallel = 1;
				LastSwiftUpdateCheck = 1430;
				LastUpgradeCheck = 1430;
				TargetAttributes = {
					B2CB81F32A8624F800709E0F = {
						CreatedOnToolsVersion = 14.3.1;
					};
				};
			};
			buildConfigurationList = B2CB81EF2A8624F800709E0F /* Build configuration list for PBXProject "CryptoMVVM" */;
			compatibilityVersion = "Xcode 14.0";
			developmentRegion = en;
			hasScannedForEncodings = 0;
			knownRegions = (
				en,
				Base,
			);
			mainGroup = B2CB81EB2A8624F800709E0F;
			productRefGroup = B2CB81F52A8624F800709E0F /* Products */;
			projectDirPath = "";
			projectRoot = "";
			targets = (
				B2CB81F32A8624F800709E0F /* CryptoMVVM */,
			);
		};
/* End PBXProject section */

/* Begin PBXResourcesBuildPhase section */
		B2CB81F22A8624F800709E0F /* Resources */ = {
			isa = PBXResourcesBuildPhase;
			buildActionMask = 2147483647;
			files = (
				B2CB82042A8624F900709E0F /* LaunchScreen.storyboard in Resources */,
				B2CB82012A8624F900709E0F /* Assets.xcassets in Resources */,
				B2CB81FF2A8624F800709E0F /* Main.storyboard in Resources */,
			);
			runOnlyForDeploymentPostprocessing = 0;
		};
/* End PBXResourcesBuildPhase section */

/* Begin PBXSourcesBuildPhase section */
		B2CB81F02A8624F800709E0F /* Sources */ = {
			isa = PBXSourcesBuildPhase;
			buildActionMask = 2147483647;
			files = (
				B2CB820C2A8625D400709E0F /* CryptoTableViewCell.swift in Sources */,
				B2CB81FC2A8624F800709E0F /* ViewController.swift in Sources */,
				B2CB82142A862C5700709E0F /* Webservice.swift in Sources */,
				B2CB81F82A8624F800709E0F /* AppDelegate.swift in Sources */,
				B2CB82162A86329D00709E0F /* Crypto.swift in Sources */,
				B2CB81FA2A8624F800709E0F /* SceneDelegate.swift in Sources */,
			);
			runOnlyForDeploymentPostprocessing = 0;
		};
/* End PBXSourcesBuildPhase section */

/* Begin PBXVariantGroup section */
		B2CB81FD2A8624F800709E0F /* Main.storyboard */ = {
			isa = PBXVariantGroup;
			children = (
				B2CB81FE2A8624F800709E0F /* Base */,
			);
			name = Main.storyboard;
			sourceTree = "<group>";
		};
		B2CB82022A8624F900709E0F /* LaunchScreen.storyboard */ = {
			isa = PBXVariantGroup;
			children = (
				B2CB82032A8624F900709E0F /* Base */,
			);
			name = LaunchScreen.storyboard;
			sourceTree = "<group>";
		};
/* End PBXVariantGroup section */

/* Begin XCBuildConfiguration section */
		B2CB82062A8624F900709E0F /* Debug */ = {
			isa = XCBuildConfiguration;
			buildSettings = {
				ALWAYS_SEARCH_USER_PATHS = NO;
				CLANG_ANALYZER_NONNULL = YES;
				CLANG_ANALYZER_NUMBER_OBJECT_CONVERSION = YES_AGGRESSIVE;
				CLANG_CXX_LANGUAGE_STANDARD = "gnu++20";
				CLANG_ENABLE_MODULES = YES;
				CLANG_ENABLE_OBJC_ARC = YES;
				CLANG_ENABLE_OBJC_WEAK = YES;
				CLANG_WARN_BLOCK_CAPTURE_AUTORELEASING = YES;
				CLANG_WARN_BOOL_CONVERSION = YES;
				CLANG_WARN_COMMA = YES;
				CLANG_WARN_CONSTANT_CONVERSION = YES;
				CLANG_WARN_DEPRECATED_OBJC_IMPLEMENTATIONS = YES;
				CLANG_WARN_DIRECT_OBJC_ISA_USAGE = YES_ERROR;
				CLANG_WARN_DOCUMENTATION_COMMENTS = YES;
				CLANG_WARN_EMPTY_BODY = YES;
				CLANG_WARN_ENUM_CONVERSION = YES;
				CLANG_WARN_INFINITE_RECURSION = YES;
				CLANG_WARN_INT_CONVERSION = YES;
				CLANG_WARN_NON_LITERAL_NULL_CONVERSION = YES;
				CLANG_WARN_OBJC_IMPLICIT_RETAIN_SELF = YES;
				CLANG_WARN_OBJC_LITERAL_CONVERSION = YES;
				CLANG_WARN_OBJC_ROOT_CLASS = YES_ERROR;
				CLANG_WARN_QUOTED_INCLUDE_IN_FRAMEWORK_HEADER = YES;
				CLANG_WARN_RANGE_LOOP_ANALYSIS = YES;
				CLANG_WARN_STRICT_PROTOTYPES = YES;
				CLANG_WARN_SUSPICIOUS_MOVE = YES;
				CLANG_WARN_UNGUARDED_AVAILABILITY = YES_AGGRESSIVE;
				CLANG_WARN_UNREACHABLE_CODE = YES;
				CLANG_WARN__DUPLICATE_METHOD_MATCH = YES;
				COPY_PHASE_STRIP = NO;
				DEBUG_INFORMATION_FORMAT = dwarf;
				ENABLE_STRICT_OBJC_MSGSEND = YES;
				ENABLE_TESTABILITY = YES;
				GCC_C_LANGUAGE_STANDARD = gnu11;
				GCC_DYNAMIC_NO_PIC = NO;
				GCC_NO_COMMON_BLOCKS = YES;
				GCC_OPTIMIZATION_LEVEL = 0;
				GCC_PREPROCESSOR_DEFINITIONS = (
					"DEBUG=1",
					"$(inherited)",
				);
				GCC_WARN_64_TO_32_BIT_CONVERSION = YES;
				GCC_WARN_ABOUT_RETURN_TYPE = YES_ERROR;
				GCC_WARN_UNDECLARED_SELECTOR = YES;
				GCC_WARN_UNINITIALIZED_AUTOS = YES_AGGRESSIVE;
				GCC_WARN_UNUSED_FUNCTION = YES;
				GCC_WARN_UNUSED_VARIABLE = YES;
				IPHONEOS_DEPLOYMENT_TARGET = 16.4;
				MTL_ENABLE_DEBUG_INFO = INCLUDE_SOURCE;
				MTL_FAST_MATH = YES;
				ONLY_ACTIVE_ARCH = YES;
				SDKROOT = iphoneos;
				SWIFT_ACTIVE_COMPILATION_CONDITIONS = DEBUG;
				SWIFT_OPTIMIZATION_LEVEL = "-Onone";
			};
			name = Debug;
		};
		B2CB82072A8624F900709E0F /* Release */ = {
			isa = XCBuildConfiguration;
			buildSettings = {
				ALWAYS_SEARCH_USER_PATHS = NO;
				CLANG_ANALYZER_NONNULL = YES;
				CLANG_ANALYZER_NUMBER_OBJECT_CONVERSION = YES_AGGRESSIVE;
				CLANG_CXX_LANGUAGE_STANDARD = "gnu++20";
				CLANG_ENABLE_MODULES = YES;
				CLANG_ENABLE_OBJC_ARC = YES;
				CLANG_ENABLE_OBJC_WEAK = YES;
				CLANG_WARN_BLOCK_CAPTURE_AUTORELEASING = YES;
				CLANG_WARN_BOOL_CONVERSION = YES;
				CLANG_WARN_COMMA = YES;
				CLANG_WARN_CONSTANT_CONVERSION = YES;
				CLANG_WARN_DEPRECATED_OBJC_IMPLEMENTATIONS = YES;
				CLANG_WARN_DIRECT_OBJC_ISA_USAGE = YES_ERROR;
				CLANG_WARN_DOCUMENTATION_COMMENTS = YES;
				CLANG_WARN_EMPTY_BODY = YES;
				CLANG_WARN_ENUM_CONVERSION = YES;
				CLANG_WARN_INFINITE_RECURSION = YES;
				CLANG_WARN_INT_CONVERSION = YES;
				CLANG_WARN_NON_LITERAL_NULL_CONVERSION = YES;
				CLANG_WARN_OBJC_IMPLICIT_RETAIN_SELF = YES;
				CLANG_WARN_OBJC_LITERAL_CONVERSION = YES;
				CLANG_WARN_OBJC_ROOT_CLASS = YES_ERROR;
				CLANG_WARN_QUOTED_INCLUDE_IN_FRAMEWORK_HEADER = YES;
				CLANG_WARN_RANGE_LOOP_ANALYSIS = YES;
				CLANG_WARN_STRICT_PROTOTYPES = YES;
				CLANG_WARN_SUSPICIOUS_MOVE = YES;
				CLANG_WARN_UNGUARDED_AVAILABILITY = YES_AGGRESSIVE;
				CLANG_WARN_UNREACHABLE_CODE = YES;
				CLANG_WARN__DUPLICATE_METHOD_MATCH = YES;
				COPY_PHASE_STRIP = NO;
				DEBUG_INFORMATION_FORMAT = "dwarf-with-dsym";
				ENABLE_NS_ASSERTIONS = NO;
				ENABLE_STRICT_OBJC_MSGSEND = YES;
				GCC_C_LANGUAGE_STANDARD = gnu11;
				GCC_NO_COMMON_BLOCKS = YES;
				GCC_WARN_64_TO_32_BIT_CONVERSION = YES;
				GCC_WARN_ABOUT_RETURN_TYPE = YES_ERROR;
				GCC_WARN_UNDECLARED_SELECTOR = YES;
				GCC_WARN_UNINITIALIZED_AUTOS = YES_AGGRESSIVE;
				GCC_WARN_UNUSED_FUNCTION = YES;
				GCC_WARN_UNUSED_VARIABLE = YES;
				IPHONEOS_DEPLOYMENT_TARGET = 16.4;
				MTL_ENABLE_DEBUG_INFO = NO;
				MTL_FAST_MATH = YES;
				SDKROOT = iphoneos;
				SWIFT_COMPILATION_MODE = wholemodule;
				SWIFT_OPTIMIZATION_LEVEL = "-O";
				VALIDATE_PRODUCT = YES;
			};
			name = Release;
		};
		B2CB82092A8624F900709E0F /* Debug */ = {
			isa = XCBuildConfiguration;
			buildSettings = {
				ASSETCATALOG_COMPILER_APPICON_NAME = AppIcon;
				ASSETCATALOG_COMPILER_GLOBAL_ACCENT_COLOR_NAME = AccentColor;
				CODE_SIGN_STYLE = Automatic;
				CURRENT_PROJECT_VERSION = 1;
				GENERATE_INFOPLIST_FILE = YES;
				INFOPLIST_FILE = CryptoMVVM/Info.plist;
				INFOPLIST_KEY_UIApplicationSupportsIndirectInputEvents = YES;
				INFOPLIST_KEY_UILaunchStoryboardName = LaunchScreen;
				INFOPLIST_KEY_UIMainStoryboardFile = Main;
				INFOPLIST_KEY_UISupportedInterfaceOrientations_iPad = "UIInterfaceOrientationPortrait UIInterfaceOrientationPortraitUpsideDown UIInterfaceOrientationLandscapeLeft UIInterfaceOrientationLandscapeRight";
				INFOPLIST_KEY_UISupportedInterfaceOrientations_iPhone = "UIInterfaceOrientationPortrait UIInterfaceOrientationLandscapeLeft UIInterfaceOrientationLandscapeRight";
				LD_RUNPATH_SEARCH_PATHS = (
					"$(inherited)",
					"@executable_path/Frameworks",
				);
				MARKETING_VERSION = 1.0;
				PRODUCT_BUNDLE_IDENTIFIER = com.alimertkaya.CryptoMVVM;
				PRODUCT_NAME = "$(TARGET_NAME)";
				SWIFT_EMIT_LOC_STRINGS = YES;
				SWIFT_VERSION = 5.0;
				TARGETED_DEVICE_FAMILY = "1,2";
			};
			name = Debug;
		};
		B2CB820A2A8624F900709E0F /* Release */ = {
			isa = XCBuildConfiguration;
			buildSettings = {
				ASSETCATALOG_COMPILER_APPICON_NAME = AppIcon;
				ASSETCATALOG_COMPILER_GLOBAL_ACCENT_COLOR_NAME = AccentColor;
				CODE_SIGN_STYLE = Automatic;
				CURRENT_PROJECT_VERSION = 1;
				GENERATE_INFOPLIST_FILE = YES;
				INFOPLIST_FILE = CryptoMVVM/Info.plist;
				INFOPLIST_KEY_UIApplicationSupportsIndirectInputEvents = YES;
				INFOPLIST_KEY_UILaunchStoryboardName = LaunchScreen;
				INFOPLIST_KEY_UIMainStoryboardFile = Main;
				INFOPLIST_KEY_UISupportedInterfaceOrientations_iPad = "UIInterfaceOrientationPortrait UIInterfaceOrientationPortraitUpsideDown UIInterfaceOrientationLandscapeLeft UIInterfaceOrientationLandscapeRight";
				INFOPLIST_KEY_UISupportedInterfaceOrientations_iPhone = "UIInterfaceOrientationPortrait UIInterfaceOrientationLandscapeLeft UIInterfaceOrientationLandscapeRight";
				LD_RUNPATH_SEARCH_PATHS = (
					"$(inherited)",
					"@executable_path/Frameworks",
				);
				MARKETING_VERSION = 1.0;
				PRODUCT_BUNDLE_IDENTIFIER = com.alimertkaya.CryptoMVVM;
				PRODUCT_NAME = "$(TARGET_NAME)";
				SWIFT_EMIT_LOC_STRINGS = YES;
				SWIFT_VERSION = 5.0;
				TARGETED_DEVICE_FAMILY = "1,2";
			};
			name = Release;
		};
/* End XCBuildConfiguration section */

/* Begin XCConfigurationList section */
		B2CB81EF2A8624F800709E0F /* Build configuration list for PBXProject "CryptoMVVM" */ = {
			isa = XCConfigurationList;
			buildConfigurations = (
				B2CB82062A8624F900709E0F /* Debug */,
				B2CB82072A8624F900709E0F /* Release */,
			);
			defaultConfigurationIsVisible = 0;
			defaultConfigurationName = Release;
		};
		B2CB82082A8624F900709E0F /* Build configuration list for PBXNativeTarget "CryptoMVVM" */ = {
			isa = XCConfigurationList;
			buildConfigurations = (
				B2CB82092A8624F900709E0F /* Debug */,
				B2CB820A2A8624F900709E0F /* Release */,
			);
			defaultConfigurationIsVisible = 0;
			defaultConfigurationName = Release;
		};
/* End XCConfigurationList section */
	};
	rootObject = B2CB81EC2A8624F800709E0F /* Project object */;
}
